// !$*UTF8*$!
{
	archiveVersion = 1;
	classes = {
	};
	objectVersion = 50;
	objects = {

/* Begin PBXBuildFile section */
		072E3504EDBDE36780D07C27 /* Pods_PokedexTests.framework in Frameworks */ = {isa = PBXBuildFile; fileRef = F688C3DCFECAC302107AC1BB /* Pods_PokedexTests.framework */; };
		65F6C9975E93F60A5D2F1BD9 /* Pods_Pokedex_PokedexUITests.framework in Frameworks */ = {isa = PBXBuildFile; fileRef = DAAF8B84BB6AEEE1533DA54E /* Pods_Pokedex_PokedexUITests.framework */; };
		C72926C852CC4A39102FC267 /* Pods_Pokedex.framework in Frameworks */ = {isa = PBXBuildFile; fileRef = F785C10A5435CF587B325279 /* Pods_Pokedex.framework */; };
		F0BB5DB92633C62F00D5E06B /* AppDelegate.swift in Sources */ = {isa = PBXBuildFile; fileRef = F0BB5DB82633C62F00D5E06B /* AppDelegate.swift */; };
		F0BB5DBB2633C62F00D5E06B /* SceneDelegate.swift in Sources */ = {isa = PBXBuildFile; fileRef = F0BB5DBA2633C62F00D5E06B /* SceneDelegate.swift */; };
		F0BB5DBD2633C62F00D5E06B /* ViewController.swift in Sources */ = {isa = PBXBuildFile; fileRef = F0BB5DBC2633C62F00D5E06B /* ViewController.swift */; };
		F0BB5DC02633C62F00D5E06B /* Main.storyboard in Resources */ = {isa = PBXBuildFile; fileRef = F0BB5DBE2633C62F00D5E06B /* Main.storyboard */; };
		F0BB5DC22633C63300D5E06B /* Assets.xcassets in Resources */ = {isa = PBXBuildFile; fileRef = F0BB5DC12633C63300D5E06B /* Assets.xcassets */; };
		F0BB5DC52633C63300D5E06B /* LaunchScreen.storyboard in Resources */ = {isa = PBXBuildFile; fileRef = F0BB5DC32633C63300D5E06B /* LaunchScreen.storyboard */; };
		F0BB5DD02633C63300D5E06B /* PokedexTests.swift in Sources */ = {isa = PBXBuildFile; fileRef = F0BB5DCF2633C63300D5E06B /* PokedexTests.swift */; };
		F0BB5DDB2633C63300D5E06B /* PokedexUITests.swift in Sources */ = {isa = PBXBuildFile; fileRef = F0BB5DDA2633C63300D5E06B /* PokedexUITests.swift */; };
/* End PBXBuildFile section */

/* Begin PBXContainerItemProxy section */
		F0BB5DCC2633C63300D5E06B /* PBXContainerItemProxy */ = {
			isa = PBXContainerItemProxy;
			containerPortal = F0BB5DAD2633C62F00D5E06B /* Project object */;
			proxyType = 1;
			remoteGlobalIDString = F0BB5DB42633C62F00D5E06B;
			remoteInfo = Pokedex;
		};
		F0BB5DD72633C63300D5E06B /* PBXContainerItemProxy */ = {
			isa = PBXContainerItemProxy;
			containerPortal = F0BB5DAD2633C62F00D5E06B /* Project object */;
			proxyType = 1;
			remoteGlobalIDString = F0BB5DB42633C62F00D5E06B;
			remoteInfo = Pokedex;
		};
/* End PBXContainerItemProxy section */

/* Begin PBXFileReference section */
		4530B5A94B72EBD41B17C354 /* Pods-Pokedex-PokedexUITests.release.xcconfig */ = {isa = PBXFileReference; includeInIndex = 1; lastKnownFileType = text.xcconfig; name = "Pods-Pokedex-PokedexUITests.release.xcconfig"; path = "Target Support Files/Pods-Pokedex-PokedexUITests/Pods-Pokedex-PokedexUITests.release.xcconfig"; sourceTree = "<group>"; };
		490B7458195BABADEAAF5256 /* Pods-Pokedex-PokedexUITests.debug.xcconfig */ = {isa = PBXFileReference; includeInIndex = 1; lastKnownFileType = text.xcconfig; name = "Pods-Pokedex-PokedexUITests.debug.xcconfig"; path = "Target Support Files/Pods-Pokedex-PokedexUITests/Pods-Pokedex-PokedexUITests.debug.xcconfig"; sourceTree = "<group>"; };
		5AFCD2BEA3445942D2286C79 /* Pods-Pokedex.release.xcconfig */ = {isa = PBXFileReference; includeInIndex = 1; lastKnownFileType = text.xcconfig; name = "Pods-Pokedex.release.xcconfig"; path = "Target Support Files/Pods-Pokedex/Pods-Pokedex.release.xcconfig"; sourceTree = "<group>"; };
		6A4A3CFC67488C21366B4984 /* Pods-PokedexTests.debug.xcconfig */ = {isa = PBXFileReference; includeInIndex = 1; lastKnownFileType = text.xcconfig; name = "Pods-PokedexTests.debug.xcconfig"; path = "Target Support Files/Pods-PokedexTests/Pods-PokedexTests.debug.xcconfig"; sourceTree = "<group>"; };
		7D5BE31F4908CCB7717B5AE6 /* Pods-Pokedex.debug.xcconfig */ = {isa = PBXFileReference; includeInIndex = 1; lastKnownFileType = text.xcconfig; name = "Pods-Pokedex.debug.xcconfig"; path = "Target Support Files/Pods-Pokedex/Pods-Pokedex.debug.xcconfig"; sourceTree = "<group>"; };
		DAAF8B84BB6AEEE1533DA54E /* Pods_Pokedex_PokedexUITests.framework */ = {isa = PBXFileReference; explicitFileType = wrapper.framework; includeInIndex = 0; path = Pods_Pokedex_PokedexUITests.framework; sourceTree = BUILT_PRODUCTS_DIR; };
		F0BB5DB52633C62F00D5E06B /* Pokedex.app */ = {isa = PBXFileReference; explicitFileType = wrapper.application; includeInIndex = 0; path = Pokedex.app; sourceTree = BUILT_PRODUCTS_DIR; };
		F0BB5DB82633C62F00D5E06B /* AppDelegate.swift */ = {isa = PBXFileReference; lastKnownFileType = sourcecode.swift; path = AppDelegate.swift; sourceTree = "<group>"; };
		F0BB5DBA2633C62F00D5E06B /* SceneDelegate.swift */ = {isa = PBXFileReference; lastKnownFileType = sourcecode.swift; path = SceneDelegate.swift; sourceTree = "<group>"; };
		F0BB5DBC2633C62F00D5E06B /* ViewController.swift */ = {isa = PBXFileReference; lastKnownFileType = sourcecode.swift; path = ViewController.swift; sourceTree = "<group>"; };
		F0BB5DBF2633C62F00D5E06B /* Base */ = {isa = PBXFileReference; lastKnownFileType = file.storyboard; name = Base; path = Base.lproj/Main.storyboard; sourceTree = "<group>"; };
		F0BB5DC12633C63300D5E06B /* Assets.xcassets */ = {isa = PBXFileReference; lastKnownFileType = folder.assetcatalog; path = Assets.xcassets; sourceTree = "<group>"; };
		F0BB5DC42633C63300D5E06B /* Base */ = {isa = PBXFileReference; lastKnownFileType = file.storyboard; name = Base; path = Base.lproj/LaunchScreen.storyboard; sourceTree = "<group>"; };
		F0BB5DC62633C63300D5E06B /* Info.plist */ = {isa = PBXFileReference; lastKnownFileType = text.plist.xml; path = Info.plist; sourceTree = "<group>"; };
		F0BB5DCB2633C63300D5E06B /* PokedexTests.xctest */ = {isa = PBXFileReference; explicitFileType = wrapper.cfbundle; includeInIndex = 0; path = PokedexTests.xctest; sourceTree = BUILT_PRODUCTS_DIR; };
		F0BB5DCF2633C63300D5E06B /* PokedexTests.swift */ = {isa = PBXFileReference; lastKnownFileType = sourcecode.swift; path = PokedexTests.swift; sourceTree = "<group>"; };
		F0BB5DD12633C63300D5E06B /* Info.plist */ = {isa = PBXFileReference; lastKnownFileType = text.plist.xml; path = Info.plist; sourceTree = "<group>"; };
		F0BB5DD62633C63300D5E06B /* PokedexUITests.xctest */ = {isa = PBXFileReference; explicitFileType = wrapper.cfbundle; includeInIndex = 0; path = PokedexUITests.xctest; sourceTree = BUILT_PRODUCTS_DIR; };
		F0BB5DDA2633C63300D5E06B /* PokedexUITests.swift */ = {isa = PBXFileReference; lastKnownFileType = sourcecode.swift; path = PokedexUITests.swift; sourceTree = "<group>"; };
		F0BB5DDC2633C63300D5E06B /* Info.plist */ = {isa = PBXFileReference; lastKnownFileType = text.plist.xml; path = Info.plist; sourceTree = "<group>"; };
		F688C3DCFECAC302107AC1BB /* Pods_PokedexTests.framework */ = {isa = PBXFileReference; explicitFileType = wrapper.framework; includeInIndex = 0; path = Pods_PokedexTests.framework; sourceTree = BUILT_PRODUCTS_DIR; };
		F785C10A5435CF587B325279 /* Pods_Pokedex.framework */ = {isa = PBXFileReference; explicitFileType = wrapper.framework; includeInIndex = 0; path = Pods_Pokedex.framework; sourceTree = BUILT_PRODUCTS_DIR; };
		FAD750950D8EA87616D02911 /* Pods-PokedexTests.release.xcconfig */ = {isa = PBXFileReference; includeInIndex = 1; lastKnownFileType = text.xcconfig; name = "Pods-PokedexTests.release.xcconfig"; path = "Target Support Files/Pods-PokedexTests/Pods-PokedexTests.release.xcconfig"; sourceTree = "<group>"; };
/* End PBXFileReference section */

/* Begin PBXFrameworksBuildPhase section */
		F0BB5DB22633C62F00D5E06B /* Frameworks */ = {
			isa = PBXFrameworksBuildPhase;
			buildActionMask = 2147483647;
			files = (
				C72926C852CC4A39102FC267 /* Pods_Pokedex.framework in Frameworks */,
			);
			runOnlyForDeploymentPostprocessing = 0;
		};
		F0BB5DC82633C63300D5E06B /* Frameworks */ = {
			isa = PBXFrameworksBuildPhase;
			buildActionMask = 2147483647;
			files = (
				072E3504EDBDE36780D07C27 /* Pods_PokedexTests.framework in Frameworks */,
			);
			runOnlyForDeploymentPostprocessing = 0;
		};
		F0BB5DD32633C63300D5E06B /* Frameworks */ = {
			isa = PBXFrameworksBuildPhase;
			buildActionMask = 2147483647;
			files = (
				65F6C9975E93F60A5D2F1BD9 /* Pods_Pokedex_PokedexUITests.framework in Frameworks */,
			);
			runOnlyForDeploymentPostprocessing = 0;
		};
/* End PBXFrameworksBuildPhase section */

/* Begin PBXGroup section */
		3348127C3E017A0DD2923490 /* Pods */ = {
			isa = PBXGroup;
			children = (
				7D5BE31F4908CCB7717B5AE6 /* Pods-Pokedex.debug.xcconfig */,
				5AFCD2BEA3445942D2286C79 /* Pods-Pokedex.release.xcconfig */,
				490B7458195BABADEAAF5256 /* Pods-Pokedex-PokedexUITests.debug.xcconfig */,
				4530B5A94B72EBD41B17C354 /* Pods-Pokedex-PokedexUITests.release.xcconfig */,
				6A4A3CFC67488C21366B4984 /* Pods-PokedexTests.debug.xcconfig */,
				FAD750950D8EA87616D02911 /* Pods-PokedexTests.release.xcconfig */,
			);
			name = Pods;
			path = Pods;
			sourceTree = "<group>";
		};
		515DF87DEF3991CFB9662F15 /* Frameworks */ = {
			isa = PBXGroup;
			children = (
				F785C10A5435CF587B325279 /* Pods_Pokedex.framework */,
				DAAF8B84BB6AEEE1533DA54E /* Pods_Pokedex_PokedexUITests.framework */,
				F688C3DCFECAC302107AC1BB /* Pods_PokedexTests.framework */,
			);
			name = Frameworks;
			sourceTree = "<group>";
		};
		F0BB5DAC2633C62F00D5E06B = {
			isa = PBXGroup;
			children = (
				F0BB5DB72633C62F00D5E06B /* Pokedex */,
				F0BB5DCE2633C63300D5E06B /* PokedexTests */,
				F0BB5DD92633C63300D5E06B /* PokedexUITests */,
				F0BB5DB62633C62F00D5E06B /* Products */,
				3348127C3E017A0DD2923490 /* Pods */,
				515DF87DEF3991CFB9662F15 /* Frameworks */,
			);
			sourceTree = "<group>";
		};
		F0BB5DB62633C62F00D5E06B /* Products */ = {
			isa = PBXGroup;
			children = (
				F0BB5DB52633C62F00D5E06B /* Pokedex.app */,
				F0BB5DCB2633C63300D5E06B /* PokedexTests.xctest */,
				F0BB5DD62633C63300D5E06B /* PokedexUITests.xctest */,
			);
			name = Products;
			sourceTree = "<group>";
		};
		F0BB5DB72633C62F00D5E06B /* Pokedex */ = {
			isa = PBXGroup;
			children = (
				F0BB5DB82633C62F00D5E06B /* AppDelegate.swift */,
				F0BB5DBA2633C62F00D5E06B /* SceneDelegate.swift */,
				F0BB5DBC2633C62F00D5E06B /* ViewController.swift */,
				F0BB5DBE2633C62F00D5E06B /* Main.storyboard */,
				F0BB5DC12633C63300D5E06B /* Assets.xcassets */,
				F0BB5DC32633C63300D5E06B /* LaunchScreen.storyboard */,
				F0BB5DC62633C63300D5E06B /* Info.plist */,
			);
			path = Pokedex;
			sourceTree = "<group>";
		};
		F0BB5DCE2633C63300D5E06B /* PokedexTests */ = {
			isa = PBXGroup;
			children = (
				F0BB5DCF2633C63300D5E06B /* PokedexTests.swift */,
				F0BB5DD12633C63300D5E06B /* Info.plist */,
			);
			path = PokedexTests;
			sourceTree = "<group>";
		};
		F0BB5DD92633C63300D5E06B /* PokedexUITests */ = {
			isa = PBXGroup;
			children = (
				F0BB5DDA2633C63300D5E06B /* PokedexUITests.swift */,
				F0BB5DDC2633C63300D5E06B /* Info.plist */,
			);
			path = PokedexUITests;
			sourceTree = "<group>";
		};
/* End PBXGroup section */

/* Begin PBXNativeTarget section */
		F0BB5DB42633C62F00D5E06B /* Pokedex */ = {
			isa = PBXNativeTarget;
			buildConfigurationList = F0BB5DDF2633C63300D5E06B /* Build configuration list for PBXNativeTarget "Pokedex" */;
			buildPhases = (
				88D9AC2A9EDFAD14D497CD18 /* [CP] Check Pods Manifest.lock */,
				F0BB5DB12633C62F00D5E06B /* Sources */,
				F0BB5DB22633C62F00D5E06B /* Frameworks */,
				F0BB5DB32633C62F00D5E06B /* Resources */,
				4AE500956D1F5C23A14B2332 /* [CP] Embed Pods Frameworks */,
			);
			buildRules = (
			);
			dependencies = (
			);
			name = Pokedex;
			productName = Pokedex;
			productReference = F0BB5DB52633C62F00D5E06B /* Pokedex.app */;
			productType = "com.apple.product-type.application";
		};
		F0BB5DCA2633C63300D5E06B /* PokedexTests */ = {
			isa = PBXNativeTarget;
			buildConfigurationList = F0BB5DE22633C63300D5E06B /* Build configuration list for PBXNativeTarget "PokedexTests" */;
			buildPhases = (
				3C0F65AC560265E6AF49E628 /* [CP] Check Pods Manifest.lock */,
				F0BB5DC72633C63300D5E06B /* Sources */,
				F0BB5DC82633C63300D5E06B /* Frameworks */,
				F0BB5DC92633C63300D5E06B /* Resources */,
			);
			buildRules = (
			);
			dependencies = (
				F0BB5DCD2633C63300D5E06B /* PBXTargetDependency */,
			);
			name = PokedexTests;
			productName = PokedexTests;
			productReference = F0BB5DCB2633C63300D5E06B /* PokedexTests.xctest */;
			productType = "com.apple.product-type.bundle.unit-test";
		};
		F0BB5DD52633C63300D5E06B /* PokedexUITests */ = {
			isa = PBXNativeTarget;
			buildConfigurationList = F0BB5DE52633C63300D5E06B /* Build configuration list for PBXNativeTarget "PokedexUITests" */;
			buildPhases = (
				051FCBFE6DFB6AD099D8E0B9 /* [CP] Check Pods Manifest.lock */,
				F0BB5DD22633C63300D5E06B /* Sources */,
				F0BB5DD32633C63300D5E06B /* Frameworks */,
				F0BB5DD42633C63300D5E06B /* Resources */,
				A6E3D80459793C7E3DCDDB27 /* [CP] Embed Pods Frameworks */,
			);
			buildRules = (
			);
			dependencies = (
				F0BB5DD82633C63300D5E06B /* PBXTargetDependency */,
			);
			name = PokedexUITests;
			productName = PokedexUITests;
			productReference = F0BB5DD62633C63300D5E06B /* PokedexUITests.xctest */;
			productType = "com.apple.product-type.bundle.ui-testing";
		};
/* End PBXNativeTarget section */

/* Begin PBXProject section */
		F0BB5DAD2633C62F00D5E06B /* Project object */ = {
			isa = PBXProject;
			attributes = {
				LastSwiftUpdateCheck = 1240;
				LastUpgradeCheck = 1240;
				TargetAttributes = {
					F0BB5DB42633C62F00D5E06B = {
						CreatedOnToolsVersion = 12.4;
					};
					F0BB5DCA2633C63300D5E06B = {
						CreatedOnToolsVersion = 12.4;
						TestTargetID = F0BB5DB42633C62F00D5E06B;
					};
					F0BB5DD52633C63300D5E06B = {
						CreatedOnToolsVersion = 12.4;
						TestTargetID = F0BB5DB42633C62F00D5E06B;
					};
				};
			};
			buildConfigurationList = F0BB5DB02633C62F00D5E06B /* Build configuration list for PBXProject "Pokedex" */;
			compatibilityVersion = "Xcode 9.3";
			developmentRegion = en;
			hasScannedForEncodings = 0;
			knownRegions = (
				en,
				Base,
			);
			mainGroup = F0BB5DAC2633C62F00D5E06B;
			productRefGroup = F0BB5DB62633C62F00D5E06B /* Products */;
			projectDirPath = "";
			projectRoot = "";
			targets = (
				F0BB5DB42633C62F00D5E06B /* Pokedex */,
				F0BB5DCA2633C63300D5E06B /* PokedexTests */,
				F0BB5DD52633C63300D5E06B /* PokedexUITests */,
			);
		};
/* End PBXProject section */

/* Begin PBXResourcesBuildPhase section */
		F0BB5DB32633C62F00D5E06B /* Resources */ = {
			isa = PBXResourcesBuildPhase;
			buildActionMask = 2147483647;
			files = (
				F0BB5DC52633C63300D5E06B /* LaunchScreen.storyboard in Resources */,
				F0BB5DC22633C63300D5E06B /* Assets.xcassets in Resources */,
				F0BB5DC02633C62F00D5E06B /* Main.storyboard in Resources */,
			);
			runOnlyForDeploymentPostprocessing = 0;
		};
		F0BB5DC92633C63300D5E06B /* Resources */ = {
			isa = PBXResourcesBuildPhase;
			buildActionMask = 2147483647;
			files = (
			);
			runOnlyForDeploymentPostprocessing = 0;
		};
		F0BB5DD42633C63300D5E06B /* Resources */ = {
			isa = PBXResourcesBuildPhase;
			buildActionMask = 2147483647;
			files = (
			);
			runOnlyForDeploymentPostprocessing = 0;
		};
/* End PBXResourcesBuildPhase section */

/* Begin PBXShellScriptBuildPhase section */
		051FCBFE6DFB6AD099D8E0B9 /* [CP] Check Pods Manifest.lock */ = {
			isa = PBXShellScriptBuildPhase;
			buildActionMask = 2147483647;
			files = (
			);
			inputFileListPaths = (
			);
			inputPaths = (
				"${PODS_PODFILE_DIR_PATH}/Podfile.lock",
				"${PODS_ROOT}/Manifest.lock",
			);
			name = "[CP] Check Pods Manifest.lock";
			outputFileListPaths = (
			);
			outputPaths = (
				"$(DERIVED_FILE_DIR)/Pods-Pokedex-PokedexUITests-checkManifestLockResult.txt",
			);
			runOnlyForDeploymentPostprocessing = 0;
			shellPath = /bin/sh;
			shellScript = "diff \"${PODS_PODFILE_DIR_PATH}/Podfile.lock\" \"${PODS_ROOT}/Manifest.lock\" > /dev/null\nif [ $? != 0 ] ; then\n    # print error to STDERR\n    echo \"error: The sandbox is not in sync with the Podfile.lock. Run 'pod install' or update your CocoaPods installation.\" >&2\n    exit 1\nfi\n# This output is used by Xcode 'outputs' to avoid re-running this script phase.\necho \"SUCCESS\" > \"${SCRIPT_OUTPUT_FILE_0}\"\n";
			showEnvVarsInLog = 0;
		};
		3C0F65AC560265E6AF49E628 /* [CP] Check Pods Manifest.lock */ = {
			isa = PBXShellScriptBuildPhase;
			buildActionMask = 2147483647;
			files = (
			);
			inputFileListPaths = (
			);
			inputPaths = (
				"${PODS_PODFILE_DIR_PATH}/Podfile.lock",
				"${PODS_ROOT}/Manifest.lock",
			);
			name = "[CP] Check Pods Manifest.lock";
			outputFileListPaths = (
			);
			outputPaths = (
				"$(DERIVED_FILE_DIR)/Pods-PokedexTests-checkManifestLockResult.txt",
			);
			runOnlyForDeploymentPostprocessing = 0;
			shellPath = /bin/sh;
			shellScript = "diff \"${PODS_PODFILE_DIR_PATH}/Podfile.lock\" \"${PODS_ROOT}/Manifest.lock\" > /dev/null\nif [ $? != 0 ] ; then\n    # print error to STDERR\n    echo \"error: The sandbox is not in sync with the Podfile.lock. Run 'pod install' or update your CocoaPods installation.\" >&2\n    exit 1\nfi\n# This output is used by Xcode 'outputs' to avoid re-running this script phase.\necho \"SUCCESS\" > \"${SCRIPT_OUTPUT_FILE_0}\"\n";
			showEnvVarsInLog = 0;
		};
		4AE500956D1F5C23A14B2332 /* [CP] Embed Pods Frameworks */ = {
			isa = PBXShellScriptBuildPhase;
			buildActionMask = 2147483647;
			files = (
			);
			inputFileListPaths = (
				"${PODS_ROOT}/Target Support Files/Pods-Pokedex/Pods-Pokedex-frameworks-${CONFIGURATION}-input-files.xcfilelist",
			);
			name = "[CP] Embed Pods Frameworks";
			outputFileListPaths = (
				"${PODS_ROOT}/Target Support Files/Pods-Pokedex/Pods-Pokedex-frameworks-${CONFIGURATION}-output-files.xcfilelist",
			);
			runOnlyForDeploymentPostprocessing = 0;
			shellPath = /bin/sh;
			shellScript = "\"${PODS_ROOT}/Target Support Files/Pods-Pokedex/Pods-Pokedex-frameworks.sh\"\n";
			showEnvVarsInLog = 0;
		};
		88D9AC2A9EDFAD14D497CD18 /* [CP] Check Pods Manifest.lock */ = {
			isa = PBXShellScriptBuildPhase;
			buildActionMask = 2147483647;
			files = (
			);
			inputFileListPaths = (
			);
			inputPaths = (
				"${PODS_PODFILE_DIR_PATH}/Podfile.lock",
				"${PODS_ROOT}/Manifest.lock",
			);
			name = "[CP] Check Pods Manifest.lock";
			outputFileListPaths = (
			);
			outputPaths = (
				"$(DERIVED_FILE_DIR)/Pods-Pokedex-checkManifestLockResult.txt",
			);
			runOnlyForDeploymentPostprocessing = 0;
			shellPath = /bin/sh;
			shellScript = "diff \"${PODS_PODFILE_DIR_PATH}/Podfile.lock\" \"${PODS_ROOT}/Manifest.lock\" > /dev/null\nif [ $? != 0 ] ; then\n    # print error to STDERR\n    echo \"error: The sandbox is not in sync with the Podfile.lock. Run 'pod install' or update your CocoaPods installation.\" >&2\n    exit 1\nfi\n# This output is used by Xcode 'outputs' to avoid re-running this script phase.\necho \"SUCCESS\" > \"${SCRIPT_OUTPUT_FILE_0}\"\n";
			showEnvVarsInLog = 0;
		};
		A6E3D80459793C7E3DCDDB27 /* [CP] Embed Pods Frameworks */ = {
			isa = PBXShellScriptBuildPhase;
			buildActionMask = 2147483647;
			files = (
			);
			inputFileListPaths = (
				"${PODS_ROOT}/Target Support Files/Pods-Pokedex-PokedexUITests/Pods-Pokedex-PokedexUITests-frameworks-${CONFIGURATION}-input-files.xcfilelist",
			);
			name = "[CP] Embed Pods Frameworks";
			outputFileListPaths = (
				"${PODS_ROOT}/Target Support Files/Pods-Pokedex-PokedexUITests/Pods-Pokedex-PokedexUITests-frameworks-${CONFIGURATION}-output-files.xcfilelist",
			);
			runOnlyForDeploymentPostprocessing = 0;
			shellPath = /bin/sh;
			shellScript = "\"${PODS_ROOT}/Target Support Files/Pods-Pokedex-PokedexUITests/Pods-Pokedex-PokedexUITests-frameworks.sh\"\n";
			showEnvVarsInLog = 0;
		};
/* End PBXShellScriptBuildPhase section */

/* Begin PBXSourcesBuildPhase section */
		F0BB5DB12633C62F00D5E06B /* Sources */ = {
			isa = PBXSourcesBuildPhase;
			buildActionMask = 2147483647;
			files = (
				F0BB5DBD2633C62F00D5E06B /* ViewController.swift in Sources */,
				F0BB5DB92633C62F00D5E06B /* AppDelegate.swift in Sources */,
				F0BB5DBB2633C62F00D5E06B /* SceneDelegate.swift in Sources */,
			);
			runOnlyForDeploymentPostprocessing = 0;
		};
		F0BB5DC72633C63300D5E06B /* Sources */ = {
			isa = PBXSourcesBuildPhase;
			buildActionMask = 2147483647;
			files = (
				F0BB5DD02633C63300D5E06B /* PokedexTests.swift in Sources */,
			);
			runOnlyForDeploymentPostprocessing = 0;
		};
		F0BB5DD22633C63300D5E06B /* Sources */ = {
			isa = PBXSourcesBuildPhase;
			buildActionMask = 2147483647;
			files = (
				F0BB5DDB2633C63300D5E06B /* PokedexUITests.swift in Sources */,
			);
			runOnlyForDeploymentPostprocessing = 0;
		};
/* End PBXSourcesBuildPhase section */

/* Begin PBXTargetDependency section */
		F0BB5DCD2633C63300D5E06B /* PBXTargetDependency */ = {
			isa = PBXTargetDependency;
			target = F0BB5DB42633C62F00D5E06B /* Pokedex */;
			targetProxy = F0BB5DCC2633C63300D5E06B /* PBXContainerItemProxy */;
		};
		F0BB5DD82633C63300D5E06B /* PBXTargetDependency */ = {
			isa = PBXTargetDependency;
			target = F0BB5DB42633C62F00D5E06B /* Pokedex */;
			targetProxy = F0BB5DD72633C63300D5E06B /* PBXContainerItemProxy */;
		};
/* End PBXTargetDependency section */

/* Begin PBXVariantGroup section */
		F0BB5DBE2633C62F00D5E06B /* Main.storyboard */ = {
			isa = PBXVariantGroup;
			children = (
				F0BB5DBF2633C62F00D5E06B /* Base */,
			);
			name = Main.storyboard;
			sourceTree = "<group>";
		};
		F0BB5DC32633C63300D5E06B /* LaunchScreen.storyboard */ = {
			isa = PBXVariantGroup;
			children = (
				F0BB5DC42633C63300D5E06B /* Base */,
			);
			name = LaunchScreen.storyboard;
			sourceTree = "<group>";
		};
/* End PBXVariantGroup section */

/* Begin XCBuildConfiguration section */
		F0BB5DDD2633C63300D5E06B /* Debug */ = {
			isa = XCBuildConfiguration;
			buildSettings = {
				ALWAYS_SEARCH_USER_PATHS = NO;
				CLANG_ANALYZER_NONNULL = YES;
				CLANG_ANALYZER_NUMBER_OBJECT_CONVERSION = YES_AGGRESSIVE;
				CLANG_CXX_LANGUAGE_STANDARD = "gnu++14";
				CLANG_CXX_LIBRARY = "libc++";
				CLANG_ENABLE_MODULES = YES;
				CLANG_ENABLE_OBJC_ARC = YES;
				CLANG_ENABLE_OBJC_WEAK = YES;
				CLANG_WARN_BLOCK_CAPTURE_AUTORELEASING = YES;
				CLANG_WARN_BOOL_CONVERSION = YES;
				CLANG_WARN_COMMA = YES;
				CLANG_WARN_CONSTANT_CONVERSION = YES;
				CLANG_WARN_DEPRECATED_OBJC_IMPLEMENTATIONS = YES;
				CLANG_WARN_DIRECT_OBJC_ISA_USAGE = YES_ERROR;
				CLANG_WARN_DOCUMENTATION_COMMENTS = YES;
				CLANG_WARN_EMPTY_BODY = YES;
				CLANG_WARN_ENUM_CONVERSION = YES;
				CLANG_WARN_INFINITE_RECURSION = YES;
				CLANG_WARN_INT_CONVERSION = YES;
				CLANG_WARN_NON_LITERAL_NULL_CONVERSION = YES;
				CLANG_WARN_OBJC_IMPLICIT_RETAIN_SELF = YES;
				CLANG_WARN_OBJC_LITERAL_CONVERSION = YES;
				CLANG_WARN_OBJC_ROOT_CLASS = YES_ERROR;
				CLANG_WARN_QUOTED_INCLUDE_IN_FRAMEWORK_HEADER = YES;
				CLANG_WARN_RANGE_LOOP_ANALYSIS = YES;
				CLANG_WARN_STRICT_PROTOTYPES = YES;
				CLANG_WARN_SUSPICIOUS_MOVE = YES;
				CLANG_WARN_UNGUARDED_AVAILABILITY = YES_AGGRESSIVE;
				CLANG_WARN_UNREACHABLE_CODE = YES;
				CLANG_WARN__DUPLICATE_METHOD_MATCH = YES;
				COPY_PHASE_STRIP = NO;
				DEBUG_INFORMATION_FORMAT = dwarf;
				ENABLE_STRICT_OBJC_MSGSEND = YES;
				ENABLE_TESTABILITY = YES;
				GCC_C_LANGUAGE_STANDARD = gnu11;
				GCC_DYNAMIC_NO_PIC = NO;
				GCC_NO_COMMON_BLOCKS = YES;
				GCC_OPTIMIZATION_LEVEL = 0;
				GCC_PREPROCESSOR_DEFINITIONS = (
					"DEBUG=1",
					"$(inherited)",
				);
				GCC_WARN_64_TO_32_BIT_CONVERSION = YES;
				GCC_WARN_ABOUT_RETURN_TYPE = YES_ERROR;
				GCC_WARN_UNDECLARED_SELECTOR = YES;
				GCC_WARN_UNINITIALIZED_AUTOS = YES_AGGRESSIVE;
				GCC_WARN_UNUSED_FUNCTION = YES;
				GCC_WARN_UNUSED_VARIABLE = YES;
				IPHONEOS_DEPLOYMENT_TARGET = 14.4;
				MTL_ENABLE_DEBUG_INFO = INCLUDE_SOURCE;
				MTL_FAST_MATH = YES;
				ONLY_ACTIVE_ARCH = YES;
				SDKROOT = iphoneos;
				SWIFT_ACTIVE_COMPILATION_CONDITIONS = DEBUG;
				SWIFT_OPTIMIZATION_LEVEL = "-Onone";
			};
			name = Debug;
		};
		F0BB5DDE2633C63300D5E06B /* Release */ = {
			isa = XCBuildConfiguration;
			buildSettings = {
				ALWAYS_SEARCH_USER_PATHS = NO;
				CLANG_ANALYZER_NONNULL = YES;
				CLANG_ANALYZER_NUMBER_OBJECT_CONVERSION = YES_AGGRESSIVE;
				CLANG_CXX_LANGUAGE_STANDARD = "gnu++14";
				CLANG_CXX_LIBRARY = "libc++";
				CLANG_ENABLE_MODULES = YES;
				CLANG_ENABLE_OBJC_ARC = YES;
				CLANG_ENABLE_OBJC_WEAK = YES;
				CLANG_WARN_BLOCK_CAPTURE_AUTORELEASING = YES;
				CLANG_WARN_BOOL_CONVERSION = YES;
				CLANG_WARN_COMMA = YES;
				CLANG_WARN_CONSTANT_CONVERSION = YES;
				CLANG_WARN_DEPRECATED_OBJC_IMPLEMENTATIONS = YES;
				CLANG_WARN_DIRECT_OBJC_ISA_USAGE = YES_ERROR;
				CLANG_WARN_DOCUMENTATION_COMMENTS = YES;
				CLANG_WARN_EMPTY_BODY = YES;
				CLANG_WARN_ENUM_CONVERSION = YES;
				CLANG_WARN_INFINITE_RECURSION = YES;
				CLANG_WARN_INT_CONVERSION = YES;
				CLANG_WARN_NON_LITERAL_NULL_CONVERSION = YES;
				CLANG_WARN_OBJC_IMPLICIT_RETAIN_SELF = YES;
				CLANG_WARN_OBJC_LITERAL_CONVERSION = YES;
				CLANG_WARN_OBJC_ROOT_CLASS = YES_ERROR;
				CLANG_WARN_QUOTED_INCLUDE_IN_FRAMEWORK_HEADER = YES;
				CLANG_WARN_RANGE_LOOP_ANALYSIS = YES;
				CLANG_WARN_STRICT_PROTOTYPES = YES;
				CLANG_WARN_SUSPICIOUS_MOVE = YES;
				CLANG_WARN_UNGUARDED_AVAILABILITY = YES_AGGRESSIVE;
				CLANG_WARN_UNREACHABLE_CODE = YES;
				CLANG_WARN__DUPLICATE_METHOD_MATCH = YES;
				COPY_PHASE_STRIP = NO;
				DEBUG_INFORMATION_FORMAT = "dwarf-with-dsym";
				ENABLE_NS_ASSERTIONS = NO;
				ENABLE_STRICT_OBJC_MSGSEND = YES;
				GCC_C_LANGUAGE_STANDARD = gnu11;
				GCC_NO_COMMON_BLOCKS = YES;
				GCC_WARN_64_TO_32_BIT_CONVERSION = YES;
				GCC_WARN_ABOUT_RETURN_TYPE = YES_ERROR;
				GCC_WARN_UNDECLARED_SELECTOR = YES;
				GCC_WARN_UNINITIALIZED_AUTOS = YES_AGGRESSIVE;
				GCC_WARN_UNUSED_FUNCTION = YES;
				GCC_WARN_UNUSED_VARIABLE = YES;
				IPHONEOS_DEPLOYMENT_TARGET = 14.4;
				MTL_ENABLE_DEBUG_INFO = NO;
				MTL_FAST_MATH = YES;
				SDKROOT = iphoneos;
				SWIFT_COMPILATION_MODE = wholemodule;
				SWIFT_OPTIMIZATION_LEVEL = "-O";
				VALIDATE_PRODUCT = YES;
			};
			name = Release;
		};
		F0BB5DE02633C63300D5E06B /* Debug */ = {
			isa = XCBuildConfiguration;
			baseConfigurationReference = 7D5BE31F4908CCB7717B5AE6 /* Pods-Pokedex.debug.xcconfig */;
			buildSettings = {
				ASSETCATALOG_COMPILER_APPICON_NAME = AppIcon;
				ASSETCATALOG_COMPILER_GLOBAL_ACCENT_COLOR_NAME = AccentColor;
				CODE_SIGN_STYLE = Automatic;
				DEVELOPMENT_TEAM = UNBA7S3W5P;
				INFOPLIST_FILE = Pokedex/Info.plist;
				LD_RUNPATH_SEARCH_PATHS = (
					"$(inherited)",
					"@executable_path/Frameworks",
				);
				PRODUCT_BUNDLE_IDENTIFIER = com.luizvasconcellos.Pokedex;
				PRODUCT_NAME = "$(TARGET_NAME)";
				SWIFT_VERSION = 5.0;
				TARGETED_DEVICE_FAMILY = "1,2";
			};
			name = Debug;
		};
		F0BB5DE12633C63300D5E06B /* Release */ = {
			isa = XCBuildConfiguration;
			baseConfigurationReference = 5AFCD2BEA3445942D2286C79 /* Pods-Pokedex.release.xcconfig */;
			buildSettings = {
				ASSETCATALOG_COMPILER_APPICON_NAME = AppIcon;
				ASSETCATALOG_COMPILER_GLOBAL_ACCENT_COLOR_NAME = AccentColor;
				CODE_SIGN_STYLE = Automatic;
				DEVELOPMENT_TEAM = UNBA7S3W5P;
				INFOPLIST_FILE = Pokedex/Info.plist;
				LD_RUNPATH_SEARCH_PATHS = (
					"$(inherited)",
					"@executable_path/Frameworks",
				);
				PRODUCT_BUNDLE_IDENTIFIER = com.luizvasconcellos.Pokedex;
				PRODUCT_NAME = "$(TARGET_NAME)";
				SWIFT_VERSION = 5.0;
				TARGETED_DEVICE_FAMILY = "1,2";
			};
			name = Release;
		};
		F0BB5DE32633C63300D5E06B /* Debug */ = {
			isa = XCBuildConfiguration;
			baseConfigurationReference = 6A4A3CFC67488C21366B4984 /* Pods-PokedexTests.debug.xcconfig */;
			buildSettings = {
				ALWAYS_EMBED_SWIFT_STANDARD_LIBRARIES = YES;
				BUNDLE_LOADER = "$(TEST_HOST)";
				CODE_SIGN_STYLE = Automatic;
				DEVELOPMENT_TEAM = UNBA7S3W5P;
				INFOPLIST_FILE = PokedexTests/Info.plist;
				IPHONEOS_DEPLOYMENT_TARGET = 14.4;
				LD_RUNPATH_SEARCH_PATHS = (
					"$(inherited)",
					"@executable_path/Frameworks",
					"@loader_path/Frameworks",
				);
				PRODUCT_BUNDLE_IDENTIFIER = com.luizvasconcellos.PokedexTests;
				PRODUCT_NAME = "$(TARGET_NAME)";
				SWIFT_VERSION = 5.0;
				TARGETED_DEVICE_FAMILY = "1,2";
				TEST_HOST = "$(BUILT_PRODUCTS_DIR)/Pokedex.app/Pokedex";
			};
			name = Debug;
		};
		F0BB5DE42633C63300D5E06B /* Release */ = {
			isa = XCBuildConfiguration;
			baseConfigurationReference = FAD750950D8EA87616D02911 /* Pods-PokedexTests.release.xcconfig */;
			buildSettings = {
				ALWAYS_EMBED_SWIFT_STANDARD_LIBRARIES = YES;
				BUNDLE_LOADER = "$(TEST_HOST)";
				CODE_SIGN_STYLE = Automatic;
				DEVELOPMENT_TEAM = UNBA7S3W5P;
				INFOPLIST_FILE = PokedexTests/Info.plist;
				IPHONEOS_DEPLOYMENT_TARGET = 14.4;
				LD_RUNPATH_SEARCH_PATHS = (
					"$(inherited)",
					"@executable_path/Frameworks",
					"@loader_path/Frameworks",
				);
				PRODUCT_BUNDLE_IDENTIFIER = com.luizvasconcellos.PokedexTests;
				PRODUCT_NAME = "$(TARGET_NAME)";
				SWIFT_VERSION = 5.0;
				TARGETED_DEVICE_FAMILY = "1,2";
				TEST_HOST = "$(BUILT_PRODUCTS_DIR)/Pokedex.app/Pokedex";
			};
			name = Release;
		};
		F0BB5DE62633C63300D5E06B /* Debug */ = {
			isa = XCBuildConfiguration;
			baseConfigurationReference = 490B7458195BABADEAAF5256 /* Pods-Pokedex-PokedexUITests.debug.xcconfig */;
			buildSettings = {
				ALWAYS_EMBED_SWIFT_STANDARD_LIBRARIES = YES;
				CODE_SIGN_STYLE = Automatic;
				DEVELOPMENT_TEAM = UNBA7S3W5P;
				INFOPLIST_FILE = PokedexUITests/Info.plist;
				LD_RUNPATH_SEARCH_PATHS = (
					"$(inherited)",
					"@executable_path/Frameworks",
					"@loader_path/Frameworks",
				);
				PRODUCT_BUNDLE_IDENTIFIER = com.luizvasconcellos.PokedexUITests;
				PRODUCT_NAME = "$(TARGET_NAME)";
				SWIFT_VERSION = 5.0;
				TARGETED_DEVICE_FAMILY = "1,2";
				TEST_TARGET_NAME = Pokedex;
			};
			name = Debug;
		};
		F0BB5DE72633C63300D5E06B /* Release */ = {
			isa = XCBuildConfiguration;
			baseConfigurationReference = 4530B5A94B72EBD41B17C354 /* Pods-Pokedex-PokedexUITests.release.xcconfig */;
			buildSettings = {
				ALWAYS_EMBED_SWIFT_STANDARD_LIBRARIES = YES;
				CODE_SIGN_STYLE = Automatic;
				DEVELOPMENT_TEAM = UNBA7S3W5P;
				INFOPLIST_FILE = PokedexUITests/Info.plist;
				LD_RUNPATH_SEARCH_PATHS = (
					"$(inherited)",
					"@executable_path/Frameworks",
					"@loader_path/Frameworks",
				);
				PRODUCT_BUNDLE_IDENTIFIER = com.luizvasconcellos.PokedexUITests;
				PRODUCT_NAME = "$(TARGET_NAME)";
				SWIFT_VERSION = 5.0;
				TARGETED_DEVICE_FAMILY = "1,2";
				TEST_TARGET_NAME = Pokedex;
			};
			name = Release;
		};
/* End XCBuildConfiguration section */

/* Begin XCConfigurationList section */
		F0BB5DB02633C62F00D5E06B /* Build configuration list for PBXProject "Pokedex" */ = {
			isa = XCConfigurationList;
			buildConfigurations = (
				F0BB5DDD2633C63300D5E06B /* Debug */,
				F0BB5DDE2633C63300D5E06B /* Release */,
			);
			defaultConfigurationIsVisible = 0;
			defaultConfigurationName = Release;
		};
		F0BB5DDF2633C63300D5E06B /* Build configuration list for PBXNativeTarget "Pokedex" */ = {
			isa = XCConfigurationList;
			buildConfigurations = (
				F0BB5DE02633C63300D5E06B /* Debug */,
				F0BB5DE12633C63300D5E06B /* Release */,
			);
			defaultConfigurationIsVisible = 0;
			defaultConfigurationName = Release;
		};
		F0BB5DE22633C63300D5E06B /* Build configuration list for PBXNativeTarget "PokedexTests" */ = {
			isa = XCConfigurationList;
			buildConfigurations = (
				F0BB5DE32633C63300D5E06B /* Debug */,
				F0BB5DE42633C63300D5E06B /* Release */,
			);
			defaultConfigurationIsVisible = 0;
			defaultConfigurationName = Release;
		};
		F0BB5DE52633C63300D5E06B /* Build configuration list for PBXNativeTarget "PokedexUITests" */ = {
			isa = XCConfigurationList;
			buildConfigurations = (
				F0BB5DE62633C63300D5E06B /* Debug */,
				F0BB5DE72633C63300D5E06B /* Release */,
			);
			defaultConfigurationIsVisible = 0;
			defaultConfigurationName = Release;
		};
/* End XCConfigurationList section */
	};
	rootObject = F0BB5DAD2633C62F00D5E06B /* Project object */;
}
